
Microsoft Visual Studio Solution File, Format Version 12.00
# Visual Studio Version 17
VisualStudioVersion = 17.7.34202.233
MinimumVisualStudioVersion = 10.0.40219.1
Project("{FAE04EC0-301F-11D3-BF4B-00C04F79EFBC}") = "jwt", "jwt\jwt.csproj", "{E1FCBB1F-A184-4AA3-9CDC-B46FCED7919A}"
EndProject
Global
	GlobalSection(SolutionConfigurationPlatforms) = preSolution
		Debug|Any CPU = Debug|Any CPU
		Release|Any CPU = Release|Any CPU
	EndGlobalSection
	GlobalSection(ProjectConfigurationPlatforms) = postSolution
		{E1FCBB1F-A184-4AA3-9CDC-B46FCED7919A}.Debug|Any CPU.ActiveCfg = Debug|Any CPU
		{E1FCBB1F-A184-4AA3-9CDC-B46FCED7919A}.Debug|Any CPU.Build.0 = Debug|Any CPU
		{E1FCBB1F-A184-4AA3-9CDC-B46FCED7919A}.Release|Any CPU.ActiveCfg = Release|Any CPU
		{E1FCBB1F-A184-4AA3-9CDC-B46FCED7919A}.Release|Any CPU.Build.0 = Release|Any CPU
	EndGlobalSection
	GlobalSection(SolutionProperties) = preSolution
		HideSolutionNode = FALSE
	EndGlobalSection
	GlobalSection(ExtensibilityGlobals) = postSolution
		SolutionGuid = {8CE64460-D74B-447E-A55F-BC1C9CA1191D}
	EndGlobalSection
EndGlobal
